
Microsoft Visual Studio Solution File, Format Version 12.00
# Visual Studio Version 16
VisualStudioVersion = 16.0.31321.278
MinimumVisualStudioVersion = 10.0.40219.1
Project("{FAE04EC0-301F-11D3-BF4B-00C04F79EFBC}") = "Valheim Zero Two Hair", "Valheim Zero Two Hair\Valheim Zero Two Hair.csproj", "{B30870F3-79C5-4FAB-890F-01B2CC9926B0}"
EndProject
Global
	GlobalSection(SolutionConfigurationPlatforms) = preSolution
		Debug|Any CPU = Debug|Any CPU
		Release|Any CPU = Release|Any CPU
	EndGlobalSection
	GlobalSection(ProjectConfigurationPlatforms) = postSolution
		{B30870F3-79C5-4FAB-890F-01B2CC9926B0}.Debug|Any CPU.ActiveCfg = Debug|Any CPU
		{B30870F3-79C5-4FAB-890F-01B2CC9926B0}.Debug|Any CPU.Build.0 = Debug|Any CPU
		{B30870F3-79C5-4FAB-890F-01B2CC9926B0}.Release|Any CPU.ActiveCfg = Release|Any CPU
		{B30870F3-79C5-4FAB-890F-01B2CC9926B0}.Release|Any CPU.Build.0 = Release|Any CPU
	EndGlobalSection
	GlobalSection(SolutionProperties) = preSolution
		HideSolutionNode = FALSE
	EndGlobalSection
	GlobalSection(ExtensibilityGlobals) = postSolution
		SolutionGuid = {B1AB7CF0-133D-4E41-AD40-53645E6C5FFF}
	EndGlobalSection
EndGlobal
